
Microsoft Visual Studio Solution File, Format Version 12.00
# Visual Studio Version 17
VisualStudioVersion = 17.3.32825.248
MinimumVisualStudioVersion = 10.0.40219.1
Project("{FAE04EC0-301F-11D3-BF4B-00C04F79EFBC}") = "ProjektNr3_Kuźnicki61961", "ProjektNr3_Kuźnicki61961.csproj", "{ADEFBC14-E989-410F-B136-34EEAE9B7577}"
EndProject
Global
	GlobalSection(SolutionConfigurationPlatforms) = preSolution
		Debug|Any CPU = Debug|Any CPU
		Release|Any CPU = Release|Any CPU
	EndGlobalSection
	GlobalSection(ProjectConfigurationPlatforms) = postSolution
		{ADEFBC14-E989-410F-B136-34EEAE9B7577}.Debug|Any CPU.ActiveCfg = Debug|Any CPU
		{ADEFBC14-E989-410F-B136-34EEAE9B7577}.Debug|Any CPU.Build.0 = Debug|Any CPU
		{ADEFBC14-E989-410F-B136-34EEAE9B7577}.Release|Any CPU.ActiveCfg = Release|Any CPU
		{ADEFBC14-E989-410F-B136-34EEAE9B7577}.Release|Any CPU.Build.0 = Release|Any CPU
	EndGlobalSection
	GlobalSection(SolutionProperties) = preSolution
		HideSolutionNode = FALSE
	EndGlobalSection
	GlobalSection(ExtensibilityGlobals) = postSolution
		SolutionGuid = {D08429AB-5B12-40A3-ABD5-0ACA113783B6}
	EndGlobalSection
EndGlobal
